{
  "name": "parse-name",
  "version": "1.0.0",
  "lockfileVersion": 1,
  "requires": true,
  "dependencies": {
    "fix-utf8": {
      "version": "1.0.4",
      "resolved": "https://registry.npmjs.org/fix-utf8/-/fix-utf8-1.0.4.tgz",
      "integrity": "sha512-GUSVRdScTL3vJJFK2Zyh8bE4c5g2+8hxbtJQAuGEwMkBkI5iqHEvPOmmMrIxuEOskp5ce2JfkrIEGUW7ItfOLQ==",
      "dev": true
    },
    "unorm": {
      "version": "1.4.1",
      "resolved": "https://registry.npmjs.org/unorm/-/unorm-1.4.1.tgz",
      "integrity": "sha1-NkIA1fE2RsqLzURJAnEzVhR5IwA=",
      "dev": true
    }
  }
}
